
Microsoft Visual Studio Solution File, Format Version 12.00
# Visual Studio Version 17
VisualStudioVersion = 17.1.32031.24
MinimumVisualStudioVersion = 10.0.40219.1
Project("{FAE04EC0-301F-11D3-BF4B-00C04F79EFBC}") = "TravelApp.UWP", "TravelApp\TravelApp.UWP\TravelApp.UWP.csproj", "{38ABB4F5-0BBD-46F0-B47D-0A2A5F0B7246}"
EndProject
Project("{FAE04EC0-301F-11D3-BF4B-00C04F79EFBC}") = "TravelApp.Android", "TravelApp\TravelApp.Android\TravelApp.Android.csproj", "{ABCE5355-8F48-4183-8E01-C25E713E4F4F}"
EndProject
Project("{FAE04EC0-301F-11D3-BF4B-00C04F79EFBC}") = "TravelApp.iOS", "TravelApp\TravelApp.iOS\TravelApp.iOS.csproj", "{8B49A240-5FC7-451F-8C76-5DD877B33616}"
EndProject
Project("{FAE04EC0-301F-11D3-BF4B-00C04F79EFBC}") = "TravelApp", "TravelApp\TravelApp\TravelApp.csproj", "{35E7533F-A4DE-42A7-9AC4-DBE1335193A9}"
EndProject
Global
	GlobalSection(SolutionConfigurationPlatforms) = preSolution
		Debug|Any CPU = Debug|Any CPU
		Debug|ARM = Debug|ARM
		Debug|iPhone = Debug|iPhone
		Debug|iPhoneSimulator = Debug|iPhoneSimulator
		Debug|x64 = Debug|x64
		Debug|x86 = Debug|x86
		Release|Any CPU = Release|Any CPU
		Release|ARM = Release|ARM
		Release|iPhone = Release|iPhone
		Release|iPhoneSimulator = Release|iPhoneSimulator
		Release|x64 = Release|x64
		Release|x86 = Release|x86
	EndGlobalSection
	GlobalSection(ProjectConfigurationPlatforms) = postSolution
		{38ABB4F5-0BBD-46F0-B47D-0A2A5F0B7246}.Debug|Any CPU.ActiveCfg = Debug|x64
		{38ABB4F5-0BBD-46F0-B47D-0A2A5F0B7246}.Debug|Any CPU.Build.0 = Debug|x64
		{38ABB4F5-0BBD-46F0-B47D-0A2A5F0B7246}.Debug|Any CPU.Deploy.0 = Debug|x64
		{38ABB4F5-0BBD-46F0-B47D-0A2A5F0B7246}.Debug|ARM.ActiveCfg = Debug|ARM
		{38ABB4F5-0BBD-46F0-B47D-0A2A5F0B7246}.Debug|ARM.Build.0 = Debug|ARM
		{38ABB4F5-0BBD-46F0-B47D-0A2A5F0B7246}.Debug|ARM.Deploy.0 = Debug|ARM
		{38ABB4F5-0BBD-46F0-B47D-0A2A5F0B7246}.Debug|iPhone.ActiveCfg = Debug|x64
		{38ABB4F5-0BBD-46F0-B47D-0A2A5F0B7246}.Debug|iPhone.Build.0 = Debug|x64
		{38ABB4F5-0BBD-46F0-B47D-0A2A5F0B7246}.Debug|iPhone.Deploy.0 = Debug|x64
		{38ABB4F5-0BBD-46F0-B47D-0A2A5F0B7246}.Debug|iPhoneSimulator.ActiveCfg = Debug|x64
		{38ABB4F5-0BBD-46F0-B47D-0A2A5F0B7246}.Debug|iPhoneSimulator.Build.0 = Debug|x64
		{38ABB4F5-0BBD-46F0-B47D-0A2A5F0B7246}.Debug|iPhoneSimulator.Deploy.0 = Debug|x64
		{38ABB4F5-0BBD-46F0-B47D-0A2A5F0B7246}.Debug|x64.ActiveCfg = Debug|x64
		{38ABB4F5-0BBD-46F0-B47D-0A2A5F0B7246}.Debug|x64.Build.0 = Debug|x64
		{38ABB4F5-0BBD-46F0-B47D-0A2A5F0B7246}.Debug|x64.Deploy.0 = Debug|x64
		{38ABB4F5-0BBD-46F0-B47D-0A2A5F0B7246}.Debug|x86.ActiveCfg = Debug|x86
		{38ABB4F5-0BBD-46F0-B47D-0A2A5F0B7246}.Debug|x86.Build.0 = Debug|x86
		{38ABB4F5-0BBD-46F0-B47D-0A2A5F0B7246}.Debug|x86.Deploy.0 = Debug|x86
		{38ABB4F5-0BBD-46F0-B47D-0A2A5F0B7246}.Release|Any CPU.ActiveCfg = Release|x64
		{38ABB4F5-0BBD-46F0-B47D-0A2A5F0B7246}.Release|Any CPU.Build.0 = Release|x64
		{38ABB4F5-0BBD-46F0-B47D-0A2A5F0B7246}.Release|Any CPU.Deploy.0 = Release|x64
		{38ABB4F5-0BBD-46F0-B47D-0A2A5F0B7246}.Release|ARM.ActiveCfg = Release|ARM
		{38ABB4F5-0BBD-46F0-B47D-0A2A5F0B7246}.Release|ARM.Build.0 = Release|ARM
		{38ABB4F5-0BBD-46F0-B47D-0A2A5F0B7246}.Release|ARM.Deploy.0 = Release|ARM
		{38ABB4F5-0BBD-46F0-B47D-0A2A5F0B7246}.Release|iPhone.ActiveCfg = Release|x64
		{38ABB4F5-0BBD-46F0-B47D-0A2A5F0B7246}.Release|iPhone.Build.0 = Release|x64
		{38ABB4F5-0BBD-46F0-B47D-0A2A5F0B7246}.Release|iPhone.Deploy.0 = Release|x64
		{38ABB4F5-0BBD-46F0-B47D-0A2A5F0B7246}.Release|iPhoneSimulator.ActiveCfg = Release|x64
		{38ABB4F5-0BBD-46F0-B47D-0A2A5F0B7246}.Release|iPhoneSimulator.Build.0 = Release|x64
		{38ABB4F5-0BBD-46F0-B47D-0A2A5F0B7246}.Release|iPhoneSimulator.Deploy.0 = Release|x64
		{38ABB4F5-0BBD-46F0-B47D-0A2A5F0B7246}.Release|x64.ActiveCfg = Release|x64
		{38ABB4F5-0BBD-46F0-B47D-0A2A5F0B7246}.Release|x64.Build.0 = Release|x64
		{38ABB4F5-0BBD-46F0-B47D-0A2A5F0B7246}.Release|x64.Deploy.0 = Release|x64
		{38ABB4F5-0BBD-46F0-B47D-0A2A5F0B7246}.Release|x86.ActiveCfg = Release|x86
		{38ABB4F5-0BBD-46F0-B47D-0A2A5F0B7246}.Release|x86.Build.0 = Release|x86
		{38ABB4F5-0BBD-46F0-B47D-0A2A5F0B7246}.Release|x86.Deploy.0 = Release|x86
		{ABCE5355-8F48-4183-8E01-C25E713E4F4F}.Debug|Any CPU.ActiveCfg = Debug|Any CPU
		{ABCE5355-8F48-4183-8E01-C25E713E4F4F}.Debug|Any CPU.Build.0 = Debug|Any CPU
		{ABCE5355-8F48-4183-8E01-C25E713E4F4F}.Debug|Any CPU.Deploy.0 = Debug|Any CPU
		{ABCE5355-8F48-4183-8E01-C25E713E4F4F}.Debug|ARM.ActiveCfg = Debug|Any CPU
		{ABCE5355-8F48-4183-8E01-C25E713E4F4F}.Debug|ARM.Build.0 = Debug|Any CPU
		{ABCE5355-8F48-4183-8E01-C25E713E4F4F}.Debug|ARM.Deploy.0 = Debug|Any CPU
		{ABCE5355-8F48-4183-8E01-C25E713E4F4F}.Debug|iPhone.ActiveCfg = Debug|Any CPU
		{ABCE5355-8F48-4183-8E01-C25E713E4F4F}.Debug|iPhone.Build.0 = Debug|Any CPU
		{ABCE5355-8F48-4183-8E01-C25E713E4F4F}.Debug|iPhone.Deploy.0 = Debug|Any CPU
		{ABCE5355-8F48-4183-8E01-C25E713E4F4F}.Debug|iPhoneSimulator.ActiveCfg = Debug|Any CPU
		{ABCE5355-8F48-4183-8E01-C25E713E4F4F}.Debug|iPhoneSimulator.Build.0 = Debug|Any CPU
		{ABCE5355-8F48-4183-8E01-C25E713E4F4F}.Debug|iPhoneSimulator.Deploy.0 = Debug|Any CPU
		{ABCE5355-8F48-4183-8E01-C25E713E4F4F}.Debug|x64.ActiveCfg = Debug|Any CPU
		{ABCE5355-8F48-4183-8E01-C25E713E4F4F}.Debug|x64.Build.0 = Debug|Any CPU
		{ABCE5355-8F48-4183-8E01-C25E713E4F4F}.Debug|x64.Deploy.0 = Debug|Any CPU
		{ABCE5355-8F48-4183-8E01-C25E713E4F4F}.Debug|x86.ActiveCfg = Debug|Any CPU
		{ABCE5355-8F48-4183-8E01-C25E713E4F4F}.Debug|x86.Build.0 = Debug|Any CPU
		{ABCE5355-8F48-4183-8E01-C25E713E4F4F}.Debug|x86.Deploy.0 = Debug|Any CPU
		{ABCE5355-8F48-4183-8E01-C25E713E4F4F}.Release|Any CPU.ActiveCfg = Release|Any CPU
		{ABCE5355-8F48-4183-8E01-C25E713E4F4F}.Release|Any CPU.Build.0 = Release|Any CPU
		{ABCE5355-8F48-4183-8E01-C25E713E4F4F}.Release|Any CPU.Deploy.0 = Release|Any CPU
		{ABCE5355-8F48-4183-8E01-C25E713E4F4F}.Release|ARM.ActiveCfg = Release|Any CPU
		{ABCE5355-8F48-4183-8E01-C25E713E4F4F}.Release|ARM.Build.0 = Release|Any CPU
		{ABCE5355-8F48-4183-8E01-C25E713E4F4F}.Release|ARM.Deploy.0 = Release|Any CPU
		{ABCE5355-8F48-4183-8E01-C25E713E4F4F}.Release|iPhone.ActiveCfg = Release|Any CPU
		{ABCE5355-8F48-4183-8E01-C25E713E4F4F}.Release|iPhone.Build.0 = Release|Any CPU
		{ABCE5355-8F48-4183-8E01-C25E713E4F4F}.Release|iPhone.Deploy.0 = Release|Any CPU
		{ABCE5355-8F48-4183-8E01-C25E713E4F4F}.Release|iPhoneSimulator.ActiveCfg = Release|Any CPU
		{ABCE5355-8F48-4183-8E01-C25E713E4F4F}.Release|iPhoneSimulator.Build.0 = Release|Any CPU
		{ABCE5355-8F48-4183-8E01-C25E713E4F4F}.Release|iPhoneSimulator.Deploy.0 = Release|Any CPU
		{ABCE5355-8F48-4183-8E01-C25E713E4F4F}.Release|x64.ActiveCfg = Release|Any CPU
		{ABCE5355-8F48-4183-8E01-C25E713E4F4F}.Release|x64.Build.0 = Release|Any CPU
		{ABCE5355-8F48-4183-8E01-C25E713E4F4F}.Release|x64.Deploy.0 = Release|Any CPU
		{ABCE5355-8F48-4183-8E01-C25E713E4F4F}.Release|x86.ActiveCfg = Release|Any CPU
		{ABCE5355-8F48-4183-8E01-C25E713E4F4F}.Release|x86.Build.0 = Release|Any CPU
		{ABCE5355-8F48-4183-8E01-C25E713E4F4F}.Release|x86.Deploy.0 = Release|Any CPU
		{8B49A240-5FC7-451F-8C76-5DD877B33616}.Debug|Any CPU.ActiveCfg = Debug|iPhoneSimulator
		{8B49A240-5FC7-451F-8C76-5DD877B33616}.Debug|Any CPU.Build.0 = Debug|iPhoneSimulator
		{8B49A240-5FC7-451F-8C76-5DD877B33616}.Debug|Any CPU.Deploy.0 = Debug|iPhoneSimulator
		{8B49A240-5FC7-451F-8C76-5DD877B33616}.Debug|ARM.ActiveCfg = Debug|iPhoneSimulator
		{8B49A240-5FC7-451F-8C76-5DD877B33616}.Debug|ARM.Build.0 = Debug|iPhoneSimulator
		{8B49A240-5FC7-451F-8C76-5DD877B33616}.Debug|ARM.Deploy.0 = Debug|iPhoneSimulator
		{8B49A240-5FC7-451F-8C76-5DD877B33616}.Debug|iPhone.ActiveCfg = Debug|iPhone
		{8B49A240-5FC7-451F-8C76-5DD877B33616}.Debug|iPhone.Build.0 = Debug|iPhone
		{8B49A240-5FC7-451F-8C76-5DD877B33616}.Debug|iPhone.Deploy.0 = Debug|iPhone
		{8B49A240-5FC7-451F-8C76-5DD877B33616}.Debug|iPhoneSimulator.ActiveCfg = Debug|iPhoneSimulator
		{8B49A240-5FC7-451F-8C76-5DD877B33616}.Debug|iPhoneSimulator.Build.0 = Debug|iPhoneSimulator
		{8B49A240-5FC7-451F-8C76-5DD877B33616}.Debug|iPhoneSimulator.Deploy.0 = Debug|iPhoneSimulator
		{8B49A240-5FC7-451F-8C76-5DD877B33616}.Debug|x64.ActiveCfg = Debug|iPhone
		{8B49A240-5FC7-451F-8C76-5DD877B33616}.Debug|x64.Build.0 = Debug|iPhone
		{8B49A240-5FC7-451F-8C76-5DD877B33616}.Debug|x64.Deploy.0 = Debug|iPhone
		{8B49A240-5FC7-451F-8C76-5DD877B33616}.Debug|x86.ActiveCfg = Debug|iPhoneSimulator
		{8B49A240-5FC7-451F-8C76-5DD877B33616}.Debug|x86.Build.0 = Debug|iPhoneSimulator
		{8B49A240-5FC7-451F-8C76-5DD877B33616}.Debug|x86.Deploy.0 = Debug|iPhoneSimulator
		{8B49A240-5FC7-451F-8C76-5DD877B33616}.Release|Any CPU.ActiveCfg = Release|iPhoneSimulator
		{8B49A240-5FC7-451F-8C76-5DD877B33616}.Release|Any CPU.Build.0 = Release|iPhoneSimulator
		{8B49A240-5FC7-451F-8C76-5DD877B33616}.Release|Any CPU.Deploy.0 = Release|iPhoneSimulator
		{8B49A240-5FC7-451F-8C76-5DD877B33616}.Release|ARM.ActiveCfg = Release|iPhoneSimulator
		{8B49A240-5FC7-451F-8C76-5DD877B33616}.Release|ARM.Build.0 = Release|iPhoneSimulator
		{8B49A240-5FC7-451F-8C76-5DD877B33616}.Release|ARM.Deploy.0 = Release|iPhoneSimulator
		{8B49A240-5FC7-451F-8C76-5DD877B33616}.Release|iPhone.ActiveCfg = Release|iPhone
		{8B49A240-5FC7-451F-8C76-5DD877B33616}.Release|iPhone.Build.0 = Release|iPhone
		{8B49A240-5FC7-451F-8C76-5DD877B33616}.Release|iPhone.Deploy.0 = Release|iPhone
		{8B49A240-5FC7-451F-8C76-5DD877B33616}.Release|iPhoneSimulator.ActiveCfg = Release|iPhoneSimulator
		{8B49A240-5FC7-451F-8C76-5DD877B33616}.Release|iPhoneSimulator.Build.0 = Release|iPhoneSimulator
		{8B49A240-5FC7-451F-8C76-5DD877B33616}.Release|iPhoneSimulator.Deploy.0 = Release|iPhoneSimulator
		{8B49A240-5FC7-451F-8C76-5DD877B33616}.Release|x64.ActiveCfg = Release|iPhoneSimulator
		{8B49A240-5FC7-451F-8C76-5DD877B33616}.Release|x64.Build.0 = Release|iPhoneSimulator
		{8B49A240-5FC7-451F-8C76-5DD877B33616}.Release|x64.Deploy.0 = Release|iPhoneSimulator
		{8B49A240-5FC7-451F-8C76-5DD877B33616}.Release|x86.ActiveCfg = Release|iPhoneSimulator
		{8B49A240-5FC7-451F-8C76-5DD877B33616}.Release|x86.Build.0 = Release|iPhoneSimulator
		{8B49A240-5FC7-451F-8C76-5DD877B33616}.Release|x86.Deploy.0 = Release|iPhoneSimulator
		{35E7533F-A4DE-42A7-9AC4-DBE1335193A9}.Debug|Any CPU.ActiveCfg = Debug|Any CPU
		{35E7533F-A4DE-42A7-9AC4-DBE1335193A9}.Debug|Any CPU.Build.0 = Debug|Any CPU
		{35E7533F-A4DE-42A7-9AC4-DBE1335193A9}.Debug|Any CPU.Deploy.0 = Debug|Any CPU
		{35E7533F-A4DE-42A7-9AC4-DBE1335193A9}.Debug|ARM.ActiveCfg = Debug|Any CPU
		{35E7533F-A4DE-42A7-9AC4-DBE1335193A9}.Debug|ARM.Build.0 = Debug|Any CPU
		{35E7533F-A4DE-42A7-9AC4-DBE1335193A9}.Debug|ARM.Deploy.0 = Debug|Any CPU
		{35E7533F-A4DE-42A7-9AC4-DBE1335193A9}.Debug|iPhone.ActiveCfg = Debug|Any CPU
		{35E7533F-A4DE-42A7-9AC4-DBE1335193A9}.Debug|iPhone.Build.0 = Debug|Any CPU
		{35E7533F-A4DE-42A7-9AC4-DBE1335193A9}.Debug|iPhone.Deploy.0 = Debug|Any CPU
		{35E7533F-A4DE-42A7-9AC4-DBE1335193A9}.Debug|iPhoneSimulator.ActiveCfg = Debug|Any CPU
		{35E7533F-A4DE-42A7-9AC4-DBE1335193A9}.Debug|iPhoneSimulator.Build.0 = Debug|Any CPU
		{35E7533F-A4DE-42A7-9AC4-DBE1335193A9}.Debug|iPhoneSimulator.Deploy.0 = Debug|Any CPU
		{35E7533F-A4DE-42A7-9AC4-DBE1335193A9}.Debug|x64.ActiveCfg = Debug|Any CPU
		{35E7533F-A4DE-42A7-9AC4-DBE1335193A9}.Debug|x64.Build.0 = Debug|Any CPU
		{35E7533F-A4DE-42A7-9AC4-DBE1335193A9}.Debug|x64.Deploy.0 = Debug|Any CPU
		{35E7533F-A4DE-42A7-9AC4-DBE1335193A9}.Debug|x86.ActiveCfg = Debug|Any CPU
		{35E7533F-A4DE-42A7-9AC4-DBE1335193A9}.Debug|x86.Build.0 = Debug|Any CPU
		{35E7533F-A4DE-42A7-9AC4-DBE1335193A9}.Debug|x86.Deploy.0 = Debug|Any CPU
		{35E7533F-A4DE-42A7-9AC4-DBE1335193A9}.Release|Any CPU.ActiveCfg = Release|Any CPU
		{35E7533F-A4DE-42A7-9AC4-DBE1335193A9}.Release|Any CPU.Build.0 = Release|Any CPU
		{35E7533F-A4DE-42A7-9AC4-DBE1335193A9}.Release|Any CPU.Deploy.0 = Release|Any CPU
		{35E7533F-A4DE-42A7-9AC4-DBE1335193A9}.Release|ARM.ActiveCfg = Release|Any CPU
		{35E7533F-A4DE-42A7-9AC4-DBE1335193A9}.Release|ARM.Build.0 = Release|Any CPU
		{35E7533F-A4DE-42A7-9AC4-DBE1335193A9}.Release|ARM.Deploy.0 = Release|Any CPU
		{35E7533F-A4DE-42A7-9AC4-DBE1335193A9}.Release|iPhone.ActiveCfg = Release|Any CPU
		{35E7533F-A4DE-42A7-9AC4-DBE1335193A9}.Release|iPhone.Build.0 = Release|Any CPU
		{35E7533F-A4DE-42A7-9AC4-DBE1335193A9}.Release|iPhone.Deploy.0 = Release|Any CPU
		{35E7533F-A4DE-42A7-9AC4-DBE1335193A9}.Release|iPhoneSimulator.ActiveCfg = Release|Any CPU
		{35E7533F-A4DE-42A7-9AC4-DBE1335193A9}.Release|iPhoneSimulator.Build.0 = Release|Any CPU
		{35E7533F-A4DE-42A7-9AC4-DBE1335193A9}.Release|iPhoneSimulator.Deploy.0 = Release|Any CPU
		{35E7533F-A4DE-42A7-9AC4-DBE1335193A9}.Release|x64.ActiveCfg = Release|Any CPU
		{35E7533F-A4DE-42A7-9AC4-DBE1335193A9}.Release|x64.Build.0 = Release|Any CPU
		{35E7533F-A4DE-42A7-9AC4-DBE1335193A9}.Release|x64.Deploy.0 = Release|Any CPU
		{35E7533F-A4DE-42A7-9AC4-DBE1335193A9}.Release|x86.ActiveCfg = Release|Any CPU
		{35E7533F-A4DE-42A7-9AC4-DBE1335193A9}.Release|x86.Build.0 = Release|Any CPU
		{35E7533F-A4DE-42A7-9AC4-DBE1335193A9}.Release|x86.Deploy.0 = Release|Any CPU
	EndGlobalSection
	GlobalSection(SolutionProperties) = preSolution
		HideSolutionNode = FALSE
	EndGlobalSection
	GlobalSection(ExtensibilityGlobals) = postSolution
		SolutionGuid = {74455C40-050F-4A02-A89A-2B7BC702D7CE}
	EndGlobalSection
EndGlobal
